
Microsoft Visual Studio Solution File, Format Version 12.00
# Visual Studio Version 17
VisualStudioVersion = 17.3.32825.248
MinimumVisualStudioVersion = 10.0.40219.1
Project("{8BC9CEB8-8B4A-11D0-8D11-00A0C91BC942}") = "CK3ToEU4", "CK3ToEU4\CK3ToEU4.vcxproj", "{34FEFF06-A41B-441C-995D-CCADC8A2B14C}"
	ProjectSection(ProjectDependencies) = postProject
		{095FC941-B5E2-4439-88D9-587E2029CB68} = {095FC941-B5E2-4439-88D9-587E2029CB68}
		{3B8EC8C8-4066-46F7-851D-EB762C39C140} = {3B8EC8C8-4066-46F7-851D-EB762C39C140}
		{5AF061A3-AA3A-4B03-B533-F7E26EC2987A} = {5AF061A3-AA3A-4B03-B533-F7E26EC2987A}
		{BD9BC07A-F4AC-44A3-AC06-6FDE91181C7C} = {BD9BC07A-F4AC-44A3-AC06-6FDE91181C7C}
	EndProjectSection
EndProject
Project("{8BC9CEB8-8B4A-11D0-8D11-00A0C91BC942}") = "CK3ToEU4Tests", "CK3ToEU4Tests\CK3ToEU4Tests.vcxproj", "{263DA23B-D957-405E-A97A-E897A052193D}"
	ProjectSection(ProjectDependencies) = postProject
		{095FC941-B5E2-4439-88D9-587E2029CB68} = {095FC941-B5E2-4439-88D9-587E2029CB68}
		{3B8EC8C8-4066-46F7-851D-EB762C39C140} = {3B8EC8C8-4066-46F7-851D-EB762C39C140}
		{5AF061A3-AA3A-4B03-B533-F7E26EC2987A} = {5AF061A3-AA3A-4B03-B533-F7E26EC2987A}
	EndProjectSection
EndProject
Project("{8BC9CEB8-8B4A-11D0-8D11-00A0C91BC942}") = "Fronter", "Fronter\Fronter.vcxproj", "{D4E43E3D-E131-466D-9AA7-704C2298EACC}"
	ProjectSection(ProjectDependencies) = postProject
		{3B8EC8C8-4066-46F7-851D-EB762C39C140} = {3B8EC8C8-4066-46F7-851D-EB762C39C140}
	EndProjectSection
EndProject
Project("{8BC9CEB8-8B4A-11D0-8D11-00A0C91BC942}") = "pch", "commonItems\pch\pch.vcxproj", "{095FC941-B5E2-4439-88D9-587E2029CB68}"
EndProject
Project("{8BC9CEB8-8B4A-11D0-8D11-00A0C91BC942}") = "CommonItems", "commonItems\CommonItems\CommonItems.vcxproj", "{3B8EC8C8-4066-46F7-851D-EB762C39C140}"
EndProject
Project("{8BC9CEB8-8B4A-11D0-8D11-00A0C91BC942}") = "CK3ToEU4lib", "CK3ToEU4lib\CK3ToEU4lib.vcxproj", "{5AF061A3-AA3A-4B03-B533-F7E26EC2987A}"
	ProjectSection(ProjectDependencies) = postProject
		{095FC941-B5E2-4439-88D9-587E2029CB68} = {095FC941-B5E2-4439-88D9-587E2029CB68}
		{3B8EC8C8-4066-46F7-851D-EB762C39C140} = {3B8EC8C8-4066-46F7-851D-EB762C39C140}
	EndProjectSection
EndProject
Project("{8BC9CEB8-8B4A-11D0-8D11-00A0C91BC942}") = "zip", "commonItems\zip\zip.vcxproj", "{BD9BC07A-F4AC-44A3-AC06-6FDE91181C7C}"
EndProject
Global
	GlobalSection(SolutionConfigurationPlatforms) = preSolution
		Release|x64 = Release|x64
	EndGlobalSection
	GlobalSection(ProjectConfigurationPlatforms) = postSolution
		{34FEFF06-A41B-441C-995D-CCADC8A2B14C}.Release|x64.ActiveCfg = Release|x64
		{34FEFF06-A41B-441C-995D-CCADC8A2B14C}.Release|x64.Build.0 = Release|x64
		{263DA23B-D957-405E-A97A-E897A052193D}.Release|x64.ActiveCfg = Release|x64
		{263DA23B-D957-405E-A97A-E897A052193D}.Release|x64.Build.0 = Release|x64
		{D4E43E3D-E131-466D-9AA7-704C2298EACC}.Release|x64.ActiveCfg = Release|x64
		{D4E43E3D-E131-466D-9AA7-704C2298EACC}.Release|x64.Build.0 = Release|x64
		{095FC941-B5E2-4439-88D9-587E2029CB68}.Release|x64.ActiveCfg = Release|x64
		{095FC941-B5E2-4439-88D9-587E2029CB68}.Release|x64.Build.0 = Release|x64
		{3B8EC8C8-4066-46F7-851D-EB762C39C140}.Release|x64.ActiveCfg = Release|x64
		{3B8EC8C8-4066-46F7-851D-EB762C39C140}.Release|x64.Build.0 = Release|x64
		{5AF061A3-AA3A-4B03-B533-F7E26EC2987A}.Release|x64.ActiveCfg = Release|x64
		{5AF061A3-AA3A-4B03-B533-F7E26EC2987A}.Release|x64.Build.0 = Release|x64
		{BD9BC07A-F4AC-44A3-AC06-6FDE91181C7C}.Release|x64.ActiveCfg = Release|x64
		{BD9BC07A-F4AC-44A3-AC06-6FDE91181C7C}.Release|x64.Build.0 = Release|x64
	EndGlobalSection
	GlobalSection(SolutionProperties) = preSolution
		HideSolutionNode = FALSE
	EndGlobalSection
	GlobalSection(ExtensibilityGlobals) = postSolution
		SolutionGuid = {9BCC1984-543B-4411-9122-10A9B51449E6}
	EndGlobalSection
EndGlobal
