<?xml version="1.0" encoding="utf-8"?>
<Project ToolsVersion="4.0" xmlns="http://schemas.microsoft.com/developer/msbuild/2003">
  <ItemGroup>
    <Filter Include="CommonItems">
      <UniqueIdentifier>{ef433627-91e1-4369-839e-aa0419b527c0}</UniqueIdentifier>
    </Filter>
    <Filter Include="CK3World">
      <UniqueIdentifier>{05182a49-13e7-4cee-b17a-53ee550a12c2}</UniqueIdentifier>
    </Filter>
    <Filter Include="Configuration">
      <UniqueIdentifier>{7496cde9-37f4-44ff-bb9c-6312478fa1b4}</UniqueIdentifier>
    </Filter>
    <Filter Include="Mappers">
      <UniqueIdentifier>{2a5df4d5-c31b-4499-be11-931a1356868a}</UniqueIdentifier>
    </Filter>
    <Filter Include="Mappers\ConverterVersion">
      <UniqueIdentifier>{27a93aa9-ba9f-4627-88dd-76912dace149}</UniqueIdentifier>
    </Filter>
    <Filter Include="EU4World">
      <UniqueIdentifier>{2af33946-3f4b-49d3-8494-fa3060f35c77}</UniqueIdentifier>
    </Filter>
    <Filter Include="EU4World\Output">
      <UniqueIdentifier>{85f72107-bcdb-4c02-8392-948d85a5c058}</UniqueIdentifier>
    </Filter>
    <Filter Include="CK3World\Titles">
      <UniqueIdentifier>{a5eb2775-7241-443c-a4fb-1556c1ecc2f7}</UniqueIdentifier>
    </Filter>
    <Filter Include="CK3World\Characters">
      <UniqueIdentifier>{8f7262e7-8276-4c7f-91c7-c59bedc6d2f5}</UniqueIdentifier>
    </Filter>
    <Filter Include="CK3World\CoatsOfArms">
      <UniqueIdentifier>{c6de84c8-53e4-4024-93e8-7e33e762444a}</UniqueIdentifier>
    </Filter>
    <Filter Include="CK3World\Geography">
      <UniqueIdentifier>{954ba1e1-9d8a-4196-a78e-39b17623bcd9}</UniqueIdentifier>
    </Filter>
    <Filter Include="CK3World\Dynasties">
      <UniqueIdentifier>{7976df72-56d4-4ada-a81e-2299475ba58e}</UniqueIdentifier>
    </Filter>
  </ItemGroup>
  <ItemGroup>
    <ClInclude Include="Source\CK3World\World.h">
      <Filter>CK3World</Filter>
    </ClInclude>
    <ClInclude Include="Source\Configuration\Configuration.h">
      <Filter>Configuration</Filter>
    </ClInclude>
    <ClInclude Include="Source\Mappers\ConverterVersion\ConverterVersion.h">
      <Filter>Mappers\ConverterVersion</Filter>
    </ClInclude>
    <ClInclude Include="Source\CK3ToEU4Converter.h" />
    <ClInclude Include="Source\EU4World\EU4World.h">
      <Filter>EU4World</Filter>
    </ClInclude>
    <ClInclude Include="Source\EU4World\Output\outModFile.h">
      <Filter>EU4World\Output</Filter>
    </ClInclude>
    <ClInclude Include="Source\EU4World\Output\outConverterVersion.h">
      <Filter>EU4World\Output</Filter>
    </ClInclude>
    <ClInclude Include="..\commonItems\Date.h">
      <Filter>CommonItems</Filter>
    </ClInclude>
    <ClInclude Include="..\commonItems\Log.h">
      <Filter>CommonItems</Filter>
    </ClInclude>
    <ClInclude Include="..\commonItems\Parser.h">
      <Filter>CommonItems</Filter>
    </ClInclude>
    <ClInclude Include="..\commonItems\ParserHelpers.h">
      <Filter>CommonItems</Filter>
    </ClInclude>
    <ClInclude Include="..\commonItems\StringUtils.h">
      <Filter>CommonItems</Filter>
    </ClInclude>
    <ClInclude Include="..\commonItems\OSCompatibilityLayer.h">
      <Filter>CommonItems</Filter>
    </ClInclude>
    <ClInclude Include="..\commonItems\Color.h">
      <Filter>CommonItems</Filter>
    </ClInclude>
    <ClInclude Include="..\commonItems\CommonFunctions.h">
      <Filter>CommonItems</Filter>
    </ClInclude>
    <ClInclude Include="..\commonItems\GameVersion.h">
      <Filter>CommonItems</Filter>
    </ClInclude>
    <ClInclude Include="..\commonItems\iconvlite.h">
      <Filter>CommonItems</Filter>
    </ClInclude>
    <ClInclude Include="Source\CK3World\Titles\Title.h">
      <Filter>CK3World\Titles</Filter>
    </ClInclude>
    <ClInclude Include="Source\CK3World\Titles\Titles.h">
      <Filter>CK3World\Titles</Filter>
    </ClInclude>
    <ClInclude Include="Source\CK3World\Characters\Character.h">
      <Filter>CK3World\Characters</Filter>
    </ClInclude>
    <ClInclude Include="Source\CK3World\Characters\Characters.h">
      <Filter>CK3World\Characters</Filter>
    </ClInclude>
    <ClInclude Include="Source\CK3World\CoatsOfArms\CoatOfArms.h">
      <Filter>CK3World\CoatsOfArms</Filter>
    </ClInclude>
    <ClInclude Include="Source\CK3World\CoatsOfArms\CoatsOfArms.h">
      <Filter>CK3World\CoatsOfArms</Filter>
    </ClInclude>
    <ClInclude Include="Source\CK3World\Geography\BaronyHolding.h">
      <Filter>CK3World\Geography</Filter>
    </ClInclude>
    <ClInclude Include="Source\CK3World\Geography\BaronyHoldings.h">
      <Filter>CK3World\Geography</Filter>
    </ClInclude>
    <ClInclude Include="Source\CK3World\Characters\CharacterDomain.h">
      <Filter>CK3World\Characters</Filter>
    </ClInclude>
    <ClInclude Include="Source\CK3World\Dynasties\Dynasties.h">
      <Filter>CK3World\Dynasties</Filter>
    </ClInclude>
    <ClInclude Include="Source\CK3World\Dynasties\Dynasty.h">
      <Filter>CK3World\Dynasties</Filter>
    </ClInclude>
    <ClInclude Include="Source\CK3World\Dynasties\House.h">
      <Filter>CK3World\Dynasties</Filter>
    </ClInclude>
    <ClInclude Include="Source\CK3World\Dynasties\Houses.h">
      <Filter>CK3World\Dynasties</Filter>
    </ClInclude>
  </ItemGroup>
  <ItemGroup>
    <ClCompile Include="..\commonItems\Log.cpp">
      <Filter>CommonItems</Filter>
    </ClCompile>
    <ClCompile Include="..\commonItems\Parser.cpp">
      <Filter>CommonItems</Filter>
    </ClCompile>
    <ClCompile Include="..\commonItems\ParserHelpers.cpp">
      <Filter>CommonItems</Filter>
    </ClCompile>
    <ClCompile Include="..\commonItems\StringUtils.cpp">
      <Filter>CommonItems</Filter>
    </ClCompile>
    <ClCompile Include="Source\main.cpp" />
    <ClCompile Include="Source\CK3World\World.cpp">
      <Filter>CK3World</Filter>
    </ClCompile>
    <ClCompile Include="Source\Configuration\Configuration.cpp">
      <Filter>Configuration</Filter>
    </ClCompile>
    <ClCompile Include="Source\Mappers\ConverterVersion\ConverterVersion.cpp">
      <Filter>Mappers\ConverterVersion</Filter>
    </ClCompile>
    <ClCompile Include="Source\CK3ToEU4Converter.cpp" />
    <ClCompile Include="Source\EU4World\EU4World.cpp">
      <Filter>EU4World</Filter>
    </ClCompile>
    <ClCompile Include="Source\EU4World\Output\outModFile.cpp">
      <Filter>EU4World\Output</Filter>
    </ClCompile>
    <ClCompile Include="Source\EU4World\Output\outWorld.cpp">
      <Filter>EU4World\Output</Filter>
    </ClCompile>
    <ClCompile Include="Source\EU4World\Output\outConverterVersion.cpp">
      <Filter>EU4World\Output</Filter>
    </ClCompile>
    <ClCompile Include="..\commonItems\Date.cpp">
      <Filter>CommonItems</Filter>
    </ClCompile>
    <ClCompile Include="..\commonItems\OSCommonLayer.cpp">
      <Filter>CommonItems</Filter>
    </ClCompile>
    <ClCompile Include="..\commonItems\WinUtils.cpp">
      <Filter>CommonItems</Filter>
    </ClCompile>
    <ClCompile Include="..\commonItems\Color.cpp">
      <Filter>CommonItems</Filter>
    </ClCompile>
    <ClCompile Include="..\commonItems\CommonFunctions.cpp">
      <Filter>CommonItems</Filter>
    </ClCompile>
    <ClCompile Include="..\commonItems\GameVersion.cpp">
      <Filter>CommonItems</Filter>
    </ClCompile>
    <ClCompile Include="..\commonItems\iconvlite.cpp">
      <Filter>CommonItems</Filter>
    </ClCompile>
    <ClCompile Include="Source\CK3World\Titles\Title.cpp">
      <Filter>CK3World\Titles</Filter>
    </ClCompile>
    <ClCompile Include="Source\CK3World\Titles\Titles.cpp">
      <Filter>CK3World\Titles</Filter>
    </ClCompile>
    <ClCompile Include="Source\CK3World\Characters\Character.cpp">
      <Filter>CK3World\Characters</Filter>
    </ClCompile>
    <ClCompile Include="Source\CK3World\Characters\Characters.cpp">
      <Filter>CK3World\Characters</Filter>
    </ClCompile>
    <ClCompile Include="Source\CK3World\CoatsOfArms\CoatOfArms.cpp">
      <Filter>CK3World\CoatsOfArms</Filter>
    </ClCompile>
    <ClCompile Include="Source\CK3World\CoatsOfArms\CoatsOfArms.cpp">
      <Filter>CK3World\CoatsOfArms</Filter>
    </ClCompile>
    <ClCompile Include="Source\CK3World\Geography\BaronyHolding.cpp">
      <Filter>CK3World\Geography</Filter>
    </ClCompile>
    <ClCompile Include="Source\CK3World\Geography\BaronyHoldings.cpp">
      <Filter>CK3World\Geography</Filter>
    </ClCompile>
    <ClCompile Include="Source\CK3World\Characters\CharacterDomain.cpp">
      <Filter>CK3World\Characters</Filter>
    </ClCompile>
    <ClCompile Include="Source\CK3World\Dynasties\Dynasties.cpp">
      <Filter>CK3World\Dynasties</Filter>
    </ClCompile>
    <ClCompile Include="Source\CK3World\Dynasties\Dynasty.cpp">
      <Filter>CK3World\Dynasties</Filter>
    </ClCompile>
    <ClCompile Include="Source\CK3World\Dynasties\House.cpp">
      <Filter>CK3World\Dynasties</Filter>
    </ClCompile>
    <ClCompile Include="Source\CK3World\Dynasties\Houses.cpp">
      <Filter>CK3World\Dynasties</Filter>
    </ClCompile>
  </ItemGroup>
  <ItemGroup>
    <Text Include="Data_Files\version.txt" />
  </ItemGroup>
</Project>