<?xml version="1.0" encoding="utf-8"?>
<Project ToolsVersion="4.0" xmlns="http://schemas.microsoft.com/developer/msbuild/2003">
  <ItemGroup>
    <Filter Include="CommonItems">
      <UniqueIdentifier>{ef433627-91e1-4369-839e-aa0419b527c0}</UniqueIdentifier>
    </Filter>
    <Filter Include="CK3World">
      <UniqueIdentifier>{05182a49-13e7-4cee-b17a-53ee550a12c2}</UniqueIdentifier>
    </Filter>
    <Filter Include="Configuration">
      <UniqueIdentifier>{7496cde9-37f4-44ff-bb9c-6312478fa1b4}</UniqueIdentifier>
    </Filter>
    <Filter Include="Mappers">
      <UniqueIdentifier>{2a5df4d5-c31b-4499-be11-931a1356868a}</UniqueIdentifier>
    </Filter>
    <Filter Include="Mappers\ConverterVersion">
      <UniqueIdentifier>{27a93aa9-ba9f-4627-88dd-76912dace149}</UniqueIdentifier>
    </Filter>
    <Filter Include="EU4World">
      <UniqueIdentifier>{2af33946-3f4b-49d3-8494-fa3060f35c77}</UniqueIdentifier>
    </Filter>
    <Filter Include="EU4World\Output">
      <UniqueIdentifier>{85f72107-bcdb-4c02-8392-948d85a5c058}</UniqueIdentifier>
    </Filter>
    <Filter Include="CK3World\Titles">
      <UniqueIdentifier>{a5eb2775-7241-443c-a4fb-1556c1ecc2f7}</UniqueIdentifier>
    </Filter>
    <Filter Include="CK3World\Characters">
      <UniqueIdentifier>{8f7262e7-8276-4c7f-91c7-c59bedc6d2f5}</UniqueIdentifier>
    </Filter>
    <Filter Include="CK3World\CoatsOfArms">
      <UniqueIdentifier>{c6de84c8-53e4-4024-93e8-7e33e762444a}</UniqueIdentifier>
    </Filter>
    <Filter Include="CK3World\Geography">
      <UniqueIdentifier>{954ba1e1-9d8a-4196-a78e-39b17623bcd9}</UniqueIdentifier>
    </Filter>
    <Filter Include="CK3World\Dynasties">
      <UniqueIdentifier>{7976df72-56d4-4ada-a81e-2299475ba58e}</UniqueIdentifier>
    </Filter>
    <Filter Include="Mappers\NamedColors">
      <UniqueIdentifier>{c01b67da-2a06-4dc4-a16c-167df5995ac4}</UniqueIdentifier>
    </Filter>
    <Filter Include="Helpers">
      <UniqueIdentifier>{b8f0c17a-bba5-4e2c-a35c-29da525cc60e}</UniqueIdentifier>
    </Filter>
    <Filter Include="CK3World\Mods">
      <UniqueIdentifier>{f149b03a-69e9-4ef6-a116-0b0ab2d38af7}</UniqueIdentifier>
    </Filter>
    <Filter Include="CK3World\Flags">
      <UniqueIdentifier>{2a9ce57e-33f2-4d14-b582-8c566644af3b}</UniqueIdentifier>
    </Filter>
    <Filter Include="CK3World\Religions">
      <UniqueIdentifier>{b73155f9-3a1e-4fc7-8598-a089a6e27155}</UniqueIdentifier>
    </Filter>
    <Filter Include="CK3World\Cultures">
      <UniqueIdentifier>{768475c9-451e-4102-9d02-9a7f629c4014}</UniqueIdentifier>
    </Filter>
    <Filter Include="Mappers\IAmHreMapper">
      <UniqueIdentifier>{74185d55-fdf5-4d83-a6f1-1aa02a73e5a1}</UniqueIdentifier>
    </Filter>
    <Filter Include="Mappers\ShatterEmpiresMapper">
      <UniqueIdentifier>{88b8bd89-4dcd-4ad1-9167-85be29b0481a}</UniqueIdentifier>
    </Filter>
    <Filter Include="Mappers\TraitScraper">
      <UniqueIdentifier>{dcea308a-b2bf-4134-b33f-9f6419120382}</UniqueIdentifier>
    </Filter>
    <Filter Include="Mappers\LocalizationMapper">
      <UniqueIdentifier>{2839300b-a215-41c5-bf23-506dbace188f}</UniqueIdentifier>
    </Filter>
    <Filter Include="Mappers\PrimaryTagMapper">
      <UniqueIdentifier>{ad8d726d-948a-4f97-b7fc-d6116b156077}</UniqueIdentifier>
    </Filter>
    <Filter Include="Mappers\RegionMapper">
      <UniqueIdentifier>{837ae947-8b46-4e38-81b5-62d080babc6a}</UniqueIdentifier>
    </Filter>
    <Filter Include="Mappers\CultureMapper">
      <UniqueIdentifier>{c1c5f526-9551-4982-9ff8-a15b1ff75909}</UniqueIdentifier>
    </Filter>
    <Filter Include="Mappers\ProvinceMapper">
      <UniqueIdentifier>{9ba68179-20dd-4f96-ae1d-38712cdbd8be}</UniqueIdentifier>
    </Filter>
    <Filter Include="EU4World\Country">
      <UniqueIdentifier>{ec5080b4-3f26-4e46-a5d5-5fcbf3016ea6}</UniqueIdentifier>
    </Filter>
    <Filter Include="EU4World\Province">
      <UniqueIdentifier>{36d34441-4e87-4184-ba6d-9b1494ff7f2a}</UniqueIdentifier>
    </Filter>
    <Filter Include="EU4World\Diplomacy">
      <UniqueIdentifier>{a22f3b18-9c42-42e3-8413-f249586a9eef}</UniqueIdentifier>
    </Filter>
    <Filter Include="Mappers\GovernmentsMapper">
      <UniqueIdentifier>{a9e2789d-14b4-428c-9051-b3a305c85311}</UniqueIdentifier>
    </Filter>
    <Filter Include="Mappers\ReligionMapper">
      <UniqueIdentifier>{23a729d0-2ea3-462d-90e4-7b3f88846d77}</UniqueIdentifier>
    </Filter>
    <Filter Include="Mappers\TitleTagMapper">
      <UniqueIdentifier>{aaf58d1f-d099-40bc-8ee6-21466bf22b39}</UniqueIdentifier>
    </Filter>
    <Filter Include="Mappers\RulerPersonalitiesMapper">
      <UniqueIdentifier>{004ea203-94fd-4409-99ff-6b1aefec9b4f}</UniqueIdentifier>
    </Filter>
    <Filter Include="Mappers\DevWeightsMapper">
      <UniqueIdentifier>{3a53edf8-2d69-4505-b9ac-f6685900a265}</UniqueIdentifier>
    </Filter>
    <Filter Include="EU4World\FlagFoundry">
      <UniqueIdentifier>{587c25c2-a0cd-44e4-92a8-e5564a537699}</UniqueIdentifier>
    </Filter>
    <Filter Include="Mappers\ReligionDefinitionMapper">
      <UniqueIdentifier>{b9a5c9b6-320c-4375-8a87-3923b5b45050}</UniqueIdentifier>
    </Filter>
    <Filter Include="Mappers\ReligionGroupScraper">
      <UniqueIdentifier>{2f010031-055a-4314-ad53-f579fd74ff0c}</UniqueIdentifier>
    </Filter>
    <Filter Include="EU4World\Religion">
      <UniqueIdentifier>{d10185d1-0fad-4d18-8a4c-249ea6deb425}</UniqueIdentifier>
    </Filter>
  </ItemGroup>
  <ItemGroup>
    <ClInclude Include="Source\CK3World\World.h">
      <Filter>CK3World</Filter>
    </ClInclude>
    <ClInclude Include="Source\Configuration\Configuration.h">
      <Filter>Configuration</Filter>
    </ClInclude>
    <ClInclude Include="Source\Mappers\ConverterVersion\ConverterVersion.h">
      <Filter>Mappers\ConverterVersion</Filter>
    </ClInclude>
    <ClInclude Include="Source\CK3ToEU4Converter.h" />
    <ClInclude Include="Source\EU4World\EU4World.h">
      <Filter>EU4World</Filter>
    </ClInclude>
    <ClInclude Include="Source\EU4World\Output\outModFile.h">
      <Filter>EU4World\Output</Filter>
    </ClInclude>
    <ClInclude Include="Source\EU4World\Output\outConverterVersion.h">
      <Filter>EU4World\Output</Filter>
    </ClInclude>
    <ClInclude Include="..\commonItems\Date.h">
      <Filter>CommonItems</Filter>
    </ClInclude>
    <ClInclude Include="..\commonItems\Log.h">
      <Filter>CommonItems</Filter>
    </ClInclude>
    <ClInclude Include="..\commonItems\Parser.h">
      <Filter>CommonItems</Filter>
    </ClInclude>
    <ClInclude Include="..\commonItems\ParserHelpers.h">
      <Filter>CommonItems</Filter>
    </ClInclude>
    <ClInclude Include="..\commonItems\StringUtils.h">
      <Filter>CommonItems</Filter>
    </ClInclude>
    <ClInclude Include="..\commonItems\OSCompatibilityLayer.h">
      <Filter>CommonItems</Filter>
    </ClInclude>
    <ClInclude Include="..\commonItems\Color.h">
      <Filter>CommonItems</Filter>
    </ClInclude>
    <ClInclude Include="..\commonItems\CommonFunctions.h">
      <Filter>CommonItems</Filter>
    </ClInclude>
    <ClInclude Include="..\commonItems\GameVersion.h">
      <Filter>CommonItems</Filter>
    </ClInclude>
    <ClInclude Include="..\commonItems\iconvlite.h">
      <Filter>CommonItems</Filter>
    </ClInclude>
    <ClInclude Include="Source\CK3World\Titles\Title.h">
      <Filter>CK3World\Titles</Filter>
    </ClInclude>
    <ClInclude Include="Source\CK3World\Titles\Titles.h">
      <Filter>CK3World\Titles</Filter>
    </ClInclude>
    <ClInclude Include="Source\CK3World\Characters\Character.h">
      <Filter>CK3World\Characters</Filter>
    </ClInclude>
    <ClInclude Include="Source\CK3World\Characters\Characters.h">
      <Filter>CK3World\Characters</Filter>
    </ClInclude>
    <ClInclude Include="Source\CK3World\CoatsOfArms\CoatOfArms.h">
      <Filter>CK3World\CoatsOfArms</Filter>
    </ClInclude>
    <ClInclude Include="Source\CK3World\CoatsOfArms\CoatsOfArms.h">
      <Filter>CK3World\CoatsOfArms</Filter>
    </ClInclude>
    <ClInclude Include="Source\CK3World\Characters\CharacterDomain.h">
      <Filter>CK3World\Characters</Filter>
    </ClInclude>
    <ClInclude Include="Source\CK3World\Dynasties\Dynasties.h">
      <Filter>CK3World\Dynasties</Filter>
    </ClInclude>
    <ClInclude Include="Source\CK3World\Dynasties\Dynasty.h">
      <Filter>CK3World\Dynasties</Filter>
    </ClInclude>
    <ClInclude Include="Source\CK3World\Dynasties\House.h">
      <Filter>CK3World\Dynasties</Filter>
    </ClInclude>
    <ClInclude Include="Source\CK3World\Dynasties\Houses.h">
      <Filter>CK3World\Dynasties</Filter>
    </ClInclude>
    <ClInclude Include="Source\CK3World\CoatsOfArms\Emblem.h">
      <Filter>CK3World\CoatsOfArms</Filter>
    </ClInclude>
    <ClInclude Include="Source\CK3World\CoatsOfArms\EmblemInstance.h">
      <Filter>CK3World\CoatsOfArms</Filter>
    </ClInclude>
    <ClInclude Include="Source\Mappers\NamedColors\NamedColors.h">
      <Filter>Mappers\NamedColors</Filter>
    </ClInclude>
    <ClInclude Include="Source\Helpers\rakaly.h">
      <Filter>Helpers</Filter>
    </ClInclude>
    <ClInclude Include="Source\Helpers\rakaly_wrapper.h">
      <Filter>Helpers</Filter>
    </ClInclude>
    <ClInclude Include="Source\CK3World\Titles\LandedTitles.h">
      <Filter>CK3World\Titles</Filter>
    </ClInclude>
    <ClInclude Include="Source\CK3World\Mods\Mod.h">
      <Filter>CK3World\Mods</Filter>
    </ClInclude>
    <ClInclude Include="Source\CK3World\Mods\Mods.h">
      <Filter>CK3World\Mods</Filter>
    </ClInclude>
    <ClInclude Include="Source\CK3World\Flags\Flags.h">
      <Filter>CK3World\Flags</Filter>
    </ClInclude>
    <ClInclude Include="Source\CK3World\Geography\CountyDetail.h">
      <Filter>CK3World\Geography</Filter>
    </ClInclude>
    <ClInclude Include="Source\CK3World\Geography\CountyDetails.h">
      <Filter>CK3World\Geography</Filter>
    </ClInclude>
    <ClInclude Include="Source\CK3World\Religions\Faith.h">
      <Filter>CK3World\Religions</Filter>
    </ClInclude>
    <ClInclude Include="Source\CK3World\Religions\Faiths.h">
      <Filter>CK3World\Religions</Filter>
    </ClInclude>
    <ClInclude Include="Source\CK3World\Religions\Religion.h">
      <Filter>CK3World\Religions</Filter>
    </ClInclude>
    <ClInclude Include="Source\CK3World\Religions\Religions.h">
      <Filter>CK3World\Religions</Filter>
    </ClInclude>
    <ClInclude Include="Source\CK3World\Cultures\Cultures.h">
      <Filter>CK3World\Cultures</Filter>
    </ClInclude>
    <ClInclude Include="Source\CK3World\Cultures\Culture.h">
      <Filter>CK3World\Cultures</Filter>
    </ClInclude>
    <ClInclude Include="Source\CK3World\Geography\ProvinceHolding.h">
      <Filter>CK3World\Geography</Filter>
    </ClInclude>
    <ClInclude Include="Source\CK3World\Geography\ProvinceHoldings.h">
      <Filter>CK3World\Geography</Filter>
    </ClInclude>
    <ClInclude Include="Source\Mappers\IAmHreMapper\IAmHreMapper.h">
      <Filter>Mappers\IAmHreMapper</Filter>
    </ClInclude>
    <ClInclude Include="Source\Mappers\ShatterEmpiresMapper\ShatterEmpiresMapper.h">
      <Filter>Mappers\ShatterEmpiresMapper</Filter>
    </ClInclude>
    <ClInclude Include="Source\Mappers\TraitScraper\TraitScraper.h">
      <Filter>Mappers\TraitScraper</Filter>
    </ClInclude>
    <ClInclude Include="Source\Mappers\TraitScraper\TraitScraping.h">
      <Filter>Mappers\TraitScraper</Filter>
    </ClInclude>
    <ClInclude Include="Source\Mappers\LocalizationMapper\LocalizationMapper.h">
      <Filter>Mappers\LocalizationMapper</Filter>
    </ClInclude>
    <ClInclude Include="Source\Mappers\PrimaryTagMapper\PrimaryTagCulture.h">
      <Filter>Mappers\PrimaryTagMapper</Filter>
    </ClInclude>
    <ClInclude Include="Source\Mappers\PrimaryTagMapper\PrimaryTagCultureGroup.h">
      <Filter>Mappers\PrimaryTagMapper</Filter>
    </ClInclude>
    <ClInclude Include="Source\Mappers\PrimaryTagMapper\PrimaryTagMapper.h">
      <Filter>Mappers\PrimaryTagMapper</Filter>
    </ClInclude>
    <ClInclude Include="Source\Mappers\RegionMapper\Area.h">
      <Filter>Mappers\RegionMapper</Filter>
    </ClInclude>
    <ClInclude Include="Source\Mappers\RegionMapper\Region.h">
      <Filter>Mappers\RegionMapper</Filter>
    </ClInclude>
    <ClInclude Include="Source\Mappers\RegionMapper\RegionMapper.h">
      <Filter>Mappers\RegionMapper</Filter>
    </ClInclude>
    <ClInclude Include="Source\Mappers\RegionMapper\SuperRegion.h">
      <Filter>Mappers\RegionMapper</Filter>
    </ClInclude>
    <ClInclude Include="Source\Mappers\CultureMapper\CultureMapper.h">
      <Filter>Mappers\CultureMapper</Filter>
    </ClInclude>
    <ClInclude Include="Source\Mappers\CultureMapper\CultureMappingRule.h">
      <Filter>Mappers\CultureMapper</Filter>
    </ClInclude>
    <ClInclude Include="Source\Mappers\ProvinceMapper\ProvinceMapper.h">
      <Filter>Mappers\ProvinceMapper</Filter>
    </ClInclude>
    <ClInclude Include="Source\Mappers\ProvinceMapper\ProvinceMapping.h">
      <Filter>Mappers\ProvinceMapper</Filter>
    </ClInclude>
    <ClInclude Include="Source\Mappers\ProvinceMapper\ProvinceMappingsVersion.h">
      <Filter>Mappers\ProvinceMapper</Filter>
    </ClInclude>
    <ClInclude Include="Source\EU4World\Country\Country.h">
      <Filter>EU4World\Country</Filter>
    </ClInclude>
    <ClInclude Include="Source\EU4World\Country\CountryDetails.h">
      <Filter>EU4World\Country</Filter>
    </ClInclude>
    <ClInclude Include="Source\EU4World\Country\MonarchNames.h">
      <Filter>EU4World\Country</Filter>
    </ClInclude>
    <ClInclude Include="Source\EU4World\Province\EU4Province.h">
      <Filter>EU4World\Province</Filter>
    </ClInclude>
    <ClInclude Include="Source\EU4World\Province\ProvinceDetails.h">
      <Filter>EU4World\Province</Filter>
    </ClInclude>
    <ClInclude Include="Source\EU4World\Province\ProvinceModifier.h">
      <Filter>EU4World\Province</Filter>
    </ClInclude>
    <ClInclude Include="Source\EU4World\Diplomacy\Agreement.h">
      <Filter>EU4World\Diplomacy</Filter>
    </ClInclude>
    <ClInclude Include="Source\EU4World\Diplomacy\Diplomacy.h">
      <Filter>EU4World\Diplomacy</Filter>
    </ClInclude>
    <ClInclude Include="Source\Mappers\GovernmentsMapper\GovernmentsMapper.h">
      <Filter>Mappers\GovernmentsMapper</Filter>
    </ClInclude>
    <ClInclude Include="Source\Mappers\GovernmentsMapper\GovernmentsMapping.h">
      <Filter>Mappers\GovernmentsMapper</Filter>
    </ClInclude>
    <ClInclude Include="Source\Mappers\ReligionMapper\ReligionMapper.h">
      <Filter>Mappers\ReligionMapper</Filter>
    </ClInclude>
    <ClInclude Include="Source\Mappers\ReligionMapper\ReligionMapping.h">
      <Filter>Mappers\ReligionMapper</Filter>
    </ClInclude>
    <ClInclude Include="Source\Mappers\TitleTagMapper\TitleTagMapper.h">
      <Filter>Mappers\TitleTagMapper</Filter>
    </ClInclude>
    <ClInclude Include="Source\Mappers\TitleTagMapper\TitleTagMapping.h">
      <Filter>Mappers\TitleTagMapper</Filter>
    </ClInclude>
    <ClInclude Include="Source\Mappers\RulerPersonalitiesMapper\RulerPersonalitiesMapper.h">
      <Filter>Mappers\RulerPersonalitiesMapper</Filter>
    </ClInclude>
    <ClInclude Include="Source\Mappers\RulerPersonalitiesMapper\RulerPersonalitiesMapping.h">
      <Filter>Mappers\RulerPersonalitiesMapper</Filter>
    </ClInclude>
    <ClInclude Include="Source\Mappers\DevWeightsMapper\DevWeightsMapper.h">
      <Filter>Mappers\DevWeightsMapper</Filter>
    </ClInclude>
    <ClInclude Include="Source\EU4World\Output\outAgreement.h">
      <Filter>EU4World\Output</Filter>
    </ClInclude>
    <ClInclude Include="Source\EU4World\Output\outCountry.h">
      <Filter>EU4World\Output</Filter>
    </ClInclude>
    <ClInclude Include="Source\EU4World\Output\outProvince.h">
      <Filter>EU4World\Output</Filter>
    </ClInclude>
    <ClInclude Include="Source\EU4World\Output\outCharacter.h">
      <Filter>EU4World\Output</Filter>
    </ClInclude>
    <ClInclude Include="Source\EU4World\FlagFoundry\FlagFoundry.h">
      <Filter>EU4World\FlagFoundry</Filter>
    </ClInclude>
    <ClInclude Include="Source\EU4World\FlagFoundry\Warehouse.h">
      <Filter>EU4World\FlagFoundry</Filter>
    </ClInclude>
    <ClInclude Include="Source\EU4World\FlagFoundry\Recolorer.h">
      <Filter>EU4World\FlagFoundry</Filter>
    </ClInclude>
    <ClInclude Include="Source\EU4World\FlagFoundry\FlagCrafter.h">
      <Filter>EU4World\FlagFoundry</Filter>
    </ClInclude>
    <ClInclude Include="Source\Mappers\ReligionDefinitionMapper\ReligionDefinitionMapper.h">
      <Filter>Mappers\ReligionDefinitionMapper</Filter>
    </ClInclude>
    <ClInclude Include="Source\Mappers\ReligionDefinitionMapper\ReligionDefinitionMapping.h">
      <Filter>Mappers\ReligionDefinitionMapper</Filter>
    </ClInclude>
    <ClInclude Include="Source\Mappers\ReligionGroupScraper\ReligionGroupScraper.h">
      <Filter>Mappers\ReligionGroupScraper</Filter>
    </ClInclude>
    <ClInclude Include="Source\Mappers\ReligionGroupScraper\ReligionGroupScraping.h">
      <Filter>Mappers\ReligionGroupScraper</Filter>
    </ClInclude>
    <ClInclude Include="Source\EU4World\Output\outReligion.h">
      <Filter>EU4World\Output</Filter>
    </ClInclude>
    <ClInclude Include="Source\EU4World\Religion\GeneratedReligion.h">
      <Filter>EU4World\Religion</Filter>
    </ClInclude>
  </ItemGroup>
  <ItemGroup>
    <ClCompile Include="..\commonItems\Log.cpp">
      <Filter>CommonItems</Filter>
    </ClCompile>
    <ClCompile Include="..\commonItems\Parser.cpp">
      <Filter>CommonItems</Filter>
    </ClCompile>
    <ClCompile Include="..\commonItems\ParserHelpers.cpp">
      <Filter>CommonItems</Filter>
    </ClCompile>
    <ClCompile Include="..\commonItems\StringUtils.cpp">
      <Filter>CommonItems</Filter>
    </ClCompile>
    <ClCompile Include="Source\main.cpp" />
    <ClCompile Include="Source\CK3World\World.cpp">
      <Filter>CK3World</Filter>
    </ClCompile>
    <ClCompile Include="Source\Configuration\Configuration.cpp">
      <Filter>Configuration</Filter>
    </ClCompile>
    <ClCompile Include="Source\Mappers\ConverterVersion\ConverterVersion.cpp">
      <Filter>Mappers\ConverterVersion</Filter>
    </ClCompile>
    <ClCompile Include="Source\CK3ToEU4Converter.cpp" />
    <ClCompile Include="Source\EU4World\EU4World.cpp">
      <Filter>EU4World</Filter>
    </ClCompile>
    <ClCompile Include="Source\EU4World\Output\outModFile.cpp">
      <Filter>EU4World\Output</Filter>
    </ClCompile>
    <ClCompile Include="Source\EU4World\Output\outWorld.cpp">
      <Filter>EU4World\Output</Filter>
    </ClCompile>
    <ClCompile Include="Source\EU4World\Output\outConverterVersion.cpp">
      <Filter>EU4World\Output</Filter>
    </ClCompile>
    <ClCompile Include="..\commonItems\Date.cpp">
      <Filter>CommonItems</Filter>
    </ClCompile>
    <ClCompile Include="..\commonItems\OSCommonLayer.cpp">
      <Filter>CommonItems</Filter>
    </ClCompile>
    <ClCompile Include="..\commonItems\WinUtils.cpp">
      <Filter>CommonItems</Filter>
    </ClCompile>
    <ClCompile Include="..\commonItems\Color.cpp">
      <Filter>CommonItems</Filter>
    </ClCompile>
    <ClCompile Include="..\commonItems\CommonFunctions.cpp">
      <Filter>CommonItems</Filter>
    </ClCompile>
    <ClCompile Include="..\commonItems\GameVersion.cpp">
      <Filter>CommonItems</Filter>
    </ClCompile>
    <ClCompile Include="..\commonItems\iconvlite.cpp">
      <Filter>CommonItems</Filter>
    </ClCompile>
    <ClCompile Include="Source\CK3World\Titles\Title.cpp">
      <Filter>CK3World\Titles</Filter>
    </ClCompile>
    <ClCompile Include="Source\CK3World\Titles\Titles.cpp">
      <Filter>CK3World\Titles</Filter>
    </ClCompile>
    <ClCompile Include="Source\CK3World\Characters\Character.cpp">
      <Filter>CK3World\Characters</Filter>
    </ClCompile>
    <ClCompile Include="Source\CK3World\Characters\Characters.cpp">
      <Filter>CK3World\Characters</Filter>
    </ClCompile>
    <ClCompile Include="Source\CK3World\CoatsOfArms\CoatOfArms.cpp">
      <Filter>CK3World\CoatsOfArms</Filter>
    </ClCompile>
    <ClCompile Include="Source\CK3World\CoatsOfArms\CoatsOfArms.cpp">
      <Filter>CK3World\CoatsOfArms</Filter>
    </ClCompile>
    <ClCompile Include="Source\CK3World\Characters\CharacterDomain.cpp">
      <Filter>CK3World\Characters</Filter>
    </ClCompile>
    <ClCompile Include="Source\CK3World\Dynasties\Dynasties.cpp">
      <Filter>CK3World\Dynasties</Filter>
    </ClCompile>
    <ClCompile Include="Source\CK3World\Dynasties\Dynasty.cpp">
      <Filter>CK3World\Dynasties</Filter>
    </ClCompile>
    <ClCompile Include="Source\CK3World\Dynasties\House.cpp">
      <Filter>CK3World\Dynasties</Filter>
    </ClCompile>
    <ClCompile Include="Source\CK3World\Dynasties\Houses.cpp">
      <Filter>CK3World\Dynasties</Filter>
    </ClCompile>
    <ClCompile Include="Source\CK3World\CoatsOfArms\Emblem.cpp">
      <Filter>CK3World\CoatsOfArms</Filter>
    </ClCompile>
    <ClCompile Include="Source\CK3World\CoatsOfArms\EmblemInstance.cpp">
      <Filter>CK3World\CoatsOfArms</Filter>
    </ClCompile>
    <ClCompile Include="Source\Mappers\NamedColors\NamedColors.cpp">
      <Filter>Mappers\NamedColors</Filter>
    </ClCompile>
    <ClCompile Include="Source\CK3World\Titles\LandedTitles.cpp">
      <Filter>CK3World\Titles</Filter>
    </ClCompile>
    <ClCompile Include="Source\CK3World\Mods\Mod.cpp">
      <Filter>CK3World\Mods</Filter>
    </ClCompile>
    <ClCompile Include="Source\CK3World\Mods\Mods.cpp">
      <Filter>CK3World\Mods</Filter>
    </ClCompile>
    <ClCompile Include="Source\CK3World\Flags\Flags.cpp">
      <Filter>CK3World\Flags</Filter>
    </ClCompile>
    <ClCompile Include="Source\CK3World\Geography\CountyDetail.cpp">
      <Filter>CK3World\Geography</Filter>
    </ClCompile>
    <ClCompile Include="Source\CK3World\Geography\CountyDetails.cpp">
      <Filter>CK3World\Geography</Filter>
    </ClCompile>
    <ClCompile Include="Source\CK3World\Religions\Faith.cpp">
      <Filter>CK3World\Religions</Filter>
    </ClCompile>
    <ClCompile Include="Source\CK3World\Religions\Faiths.cpp">
      <Filter>CK3World\Religions</Filter>
    </ClCompile>
    <ClCompile Include="Source\CK3World\Religions\Religion.cpp">
      <Filter>CK3World\Religions</Filter>
    </ClCompile>
    <ClCompile Include="Source\CK3World\Religions\Religions.cpp">
      <Filter>CK3World\Religions</Filter>
    </ClCompile>
    <ClCompile Include="Source\CK3World\Cultures\Cultures.cpp">
      <Filter>CK3World\Cultures</Filter>
    </ClCompile>
    <ClCompile Include="Source\CK3World\Cultures\Culture.cpp">
      <Filter>CK3World\Cultures</Filter>
    </ClCompile>
    <ClCompile Include="Source\CK3World\Geography\ProvinceHolding.cpp">
      <Filter>CK3World\Geography</Filter>
    </ClCompile>
    <ClCompile Include="Source\CK3World\Geography\ProvinceHoldings.cpp">
      <Filter>CK3World\Geography</Filter>
    </ClCompile>
    <ClCompile Include="Source\Mappers\IAmHreMapper\IAmHreMapper.cpp">
      <Filter>Mappers\IAmHreMapper</Filter>
    </ClCompile>
    <ClCompile Include="Source\Mappers\ShatterEmpiresMapper\ShatterEmpiresMapper.cpp">
      <Filter>Mappers\ShatterEmpiresMapper</Filter>
    </ClCompile>
    <ClCompile Include="Source\Mappers\TraitScraper\TraitScraper.cpp">
      <Filter>Mappers\TraitScraper</Filter>
    </ClCompile>
    <ClCompile Include="Source\Mappers\TraitScraper\TraitScraping.cpp">
      <Filter>Mappers\TraitScraper</Filter>
    </ClCompile>
    <ClCompile Include="Source\Mappers\LocalizationMapper\LocalizationMapper.cpp">
      <Filter>Mappers\LocalizationMapper</Filter>
    </ClCompile>
    <ClCompile Include="Source\Mappers\PrimaryTagMapper\PrimaryTagCulture.cpp">
      <Filter>Mappers\PrimaryTagMapper</Filter>
    </ClCompile>
    <ClCompile Include="Source\Mappers\PrimaryTagMapper\PrimaryTagCultureGroup.cpp">
      <Filter>Mappers\PrimaryTagMapper</Filter>
    </ClCompile>
    <ClCompile Include="Source\Mappers\PrimaryTagMapper\PrimaryTagMapper.cpp">
      <Filter>Mappers\PrimaryTagMapper</Filter>
    </ClCompile>
    <ClCompile Include="Source\Mappers\RegionMapper\Area.cpp">
      <Filter>Mappers\RegionMapper</Filter>
    </ClCompile>
    <ClCompile Include="Source\Mappers\RegionMapper\Region.cpp">
      <Filter>Mappers\RegionMapper</Filter>
    </ClCompile>
    <ClCompile Include="Source\Mappers\RegionMapper\RegionMapper.cpp">
      <Filter>Mappers\RegionMapper</Filter>
    </ClCompile>
    <ClCompile Include="Source\Mappers\RegionMapper\SuperRegion.cpp">
      <Filter>Mappers\RegionMapper</Filter>
    </ClCompile>
    <ClCompile Include="Source\Mappers\CultureMapper\CultureMapper.cpp">
      <Filter>Mappers\CultureMapper</Filter>
    </ClCompile>
    <ClCompile Include="Source\Mappers\CultureMapper\CultureMappingRule.cpp">
      <Filter>Mappers\CultureMapper</Filter>
    </ClCompile>
    <ClCompile Include="Source\Mappers\ProvinceMapper\ProvinceMapper.cpp">
      <Filter>Mappers\ProvinceMapper</Filter>
    </ClCompile>
    <ClCompile Include="Source\Mappers\ProvinceMapper\ProvinceMapping.cpp">
      <Filter>Mappers\ProvinceMapper</Filter>
    </ClCompile>
    <ClCompile Include="Source\Mappers\ProvinceMapper\ProvinceMappingsVersion.cpp">
      <Filter>Mappers\ProvinceMapper</Filter>
    </ClCompile>
    <ClCompile Include="Source\EU4World\Country\Country.cpp">
      <Filter>EU4World\Country</Filter>
    </ClCompile>
    <ClCompile Include="Source\EU4World\Country\CountryDetails.cpp">
      <Filter>EU4World\Country</Filter>
    </ClCompile>
    <ClCompile Include="Source\EU4World\Country\MonarchNames.cpp">
      <Filter>EU4World\Country</Filter>
    </ClCompile>
    <ClCompile Include="Source\EU4World\Province\EU4Province.cpp">
      <Filter>EU4World\Province</Filter>
    </ClCompile>
    <ClCompile Include="Source\EU4World\Province\ProvinceDetails.cpp">
      <Filter>EU4World\Province</Filter>
    </ClCompile>
    <ClCompile Include="Source\EU4World\Province\ProvinceModifier.cpp">
      <Filter>EU4World\Province</Filter>
    </ClCompile>
    <ClCompile Include="Source\EU4World\Diplomacy\Agreement.cpp">
      <Filter>EU4World\Diplomacy</Filter>
    </ClCompile>
    <ClCompile Include="Source\EU4World\Diplomacy\Diplomacy.cpp">
      <Filter>EU4World\Diplomacy</Filter>
    </ClCompile>
    <ClCompile Include="Source\Mappers\GovernmentsMapper\GovernmentsMapper.cpp">
      <Filter>Mappers\GovernmentsMapper</Filter>
    </ClCompile>
    <ClCompile Include="Source\Mappers\GovernmentsMapper\GovernmentsMapping.cpp">
      <Filter>Mappers\GovernmentsMapper</Filter>
    </ClCompile>
    <ClCompile Include="Source\Mappers\ReligionMapper\ReligionMapper.cpp">
      <Filter>Mappers\ReligionMapper</Filter>
    </ClCompile>
    <ClCompile Include="Source\Mappers\ReligionMapper\ReligionMapping.cpp">
      <Filter>Mappers\ReligionMapper</Filter>
    </ClCompile>
    <ClCompile Include="Source\Mappers\TitleTagMapper\TitleTagMapper.cpp">
      <Filter>Mappers\TitleTagMapper</Filter>
    </ClCompile>
    <ClCompile Include="Source\Mappers\TitleTagMapper\TitleTagMapping.cpp">
      <Filter>Mappers\TitleTagMapper</Filter>
    </ClCompile>
    <ClCompile Include="Source\Mappers\RulerPersonalitiesMapper\RulerPersonalitiesMapper.cpp">
      <Filter>Mappers\RulerPersonalitiesMapper</Filter>
    </ClCompile>
    <ClCompile Include="Source\Mappers\RulerPersonalitiesMapper\RulerPersonalitiesMapping.cpp">
      <Filter>Mappers\RulerPersonalitiesMapper</Filter>
    </ClCompile>
    <ClCompile Include="Source\Mappers\DevWeightsMapper\DevWeightsMapper.cpp">
      <Filter>Mappers\DevWeightsMapper</Filter>
    </ClCompile>
    <ClCompile Include="Source\EU4World\Output\outAgreement.cpp">
      <Filter>EU4World\Output</Filter>
    </ClCompile>
    <ClCompile Include="Source\EU4World\Output\outCountry.cpp">
      <Filter>EU4World\Output</Filter>
    </ClCompile>
    <ClCompile Include="Source\EU4World\Output\outProvince.cpp">
      <Filter>EU4World\Output</Filter>
    </ClCompile>
    <ClCompile Include="Source\EU4World\Output\outCharacter.cpp">
      <Filter>EU4World\Output</Filter>
    </ClCompile>
    <ClCompile Include="Source\EU4World\FlagFoundry\FlagFoundry.cpp">
      <Filter>EU4World\FlagFoundry</Filter>
    </ClCompile>
    <ClCompile Include="Source\EU4World\FlagFoundry\Warehouse.cpp">
      <Filter>EU4World\FlagFoundry</Filter>
    </ClCompile>
    <ClCompile Include="Source\EU4World\FlagFoundry\Recolorer.cpp">
      <Filter>EU4World\FlagFoundry</Filter>
    </ClCompile>
    <ClCompile Include="Source\EU4World\FlagFoundry\FlagCrafter.cpp">
      <Filter>EU4World\FlagFoundry</Filter>
    </ClCompile>
    <ClCompile Include="Source\Mappers\ReligionDefinitionMapper\ReligionDefinitionMapper.cpp">
      <Filter>Mappers\ReligionDefinitionMapper</Filter>
    </ClCompile>
    <ClCompile Include="Source\Mappers\ReligionDefinitionMapper\ReligionDefinitionMapping.cpp">
      <Filter>Mappers\ReligionDefinitionMapper</Filter>
    </ClCompile>
    <ClCompile Include="Source\Mappers\ReligionGroupScraper\ReligionGroupScraper.cpp">
      <Filter>Mappers\ReligionGroupScraper</Filter>
    </ClCompile>
    <ClCompile Include="Source\Mappers\ReligionGroupScraper\ReligionGroupScraping.cpp">
      <Filter>Mappers\ReligionGroupScraper</Filter>
    </ClCompile>
    <ClCompile Include="Source\EU4World\Output\outReligion.cpp">
      <Filter>EU4World\Output</Filter>
    </ClCompile>
    <ClCompile Include="Source\EU4World\Religion\GeneratedReligion.cpp">
      <Filter>EU4World\Religion</Filter>
    </ClCompile>
  </ItemGroup>
</Project>